
Microsoft Visual Studio Solution File, Format Version 12.00
# Visual Studio Version 17
VisualStudioVersion = 17.0.31912.275
MinimumVisualStudioVersion = 10.0.40219.1
Project("{9A19103F-16F7-4668-BE54-9A1E7A4F7556}") = "BassoLegnami", "BassoLegnami\BassoLegnami.csproj", "{50575AD8-9519-4453-B4B7-694B15F226D9}"
EndProject
Project("{9A19103F-16F7-4668-BE54-9A1E7A4F7556}") = "In.Core", "In.Core\In.Core.csproj", "{2D1AE180-8427-4E58-A0D4-0A2C606DC0D2}"
EndProject
Project("{9A19103F-16F7-4668-BE54-9A1E7A4F7556}") = "BassoLegnami.Model", "BassoLegnami.Model\BassoLegnami.Model.csproj", "{EC84117D-0373-40CA-A0EC-2542C064E779}"
EndProject
Project("{9A19103F-16F7-4668-BE54-9A1E7A4F7556}") = "BassoLegnami.Reports", "BassoLegnami.Reports\BassoLegnami.Reports.csproj", "{8C2E03D0-644A-4798-BD89-3FE1F1F0CAA3}"
EndProject
Global
	GlobalSection(SolutionConfigurationPlatforms) = preSolution
		Debug|Any CPU = Debug|Any CPU
		Release|Any CPU = Release|Any CPU
	EndGlobalSection
	GlobalSection(ProjectConfigurationPlatforms) = postSolution
		{50575AD8-9519-4453-B4B7-694B15F226D9}.Debug|Any CPU.ActiveCfg = Debug|Any CPU
		{50575AD8-9519-4453-B4B7-694B15F226D9}.Debug|Any CPU.Build.0 = Debug|Any CPU
		{50575AD8-9519-4453-B4B7-694B15F226D9}.Release|Any CPU.ActiveCfg = Release|Any CPU
		{50575AD8-9519-4453-B4B7-694B15F226D9}.Release|Any CPU.Build.0 = Release|Any CPU
		{2D1AE180-8427-4E58-A0D4-0A2C606DC0D2}.Debug|Any CPU.ActiveCfg = Debug|Any CPU
		{2D1AE180-8427-4E58-A0D4-0A2C606DC0D2}.Debug|Any CPU.Build.0 = Debug|Any CPU
		{2D1AE180-8427-4E58-A0D4-0A2C606DC0D2}.Release|Any CPU.ActiveCfg = Release|Any CPU
		{2D1AE180-8427-4E58-A0D4-0A2C606DC0D2}.Release|Any CPU.Build.0 = Release|Any CPU
		{EC84117D-0373-40CA-A0EC-2542C064E779}.Debug|Any CPU.ActiveCfg = Debug|Any CPU
		{EC84117D-0373-40CA-A0EC-2542C064E779}.Debug|Any CPU.Build.0 = Debug|Any CPU
		{EC84117D-0373-40CA-A0EC-2542C064E779}.Release|Any CPU.ActiveCfg = Release|Any CPU
		{EC84117D-0373-40CA-A0EC-2542C064E779}.Release|Any CPU.Build.0 = Release|Any CPU
		{8C2E03D0-644A-4798-BD89-3FE1F1F0CAA3}.Debug|Any CPU.ActiveCfg = Debug|Any CPU
		{8C2E03D0-644A-4798-BD89-3FE1F1F0CAA3}.Debug|Any CPU.Build.0 = Debug|Any CPU
		{8C2E03D0-644A-4798-BD89-3FE1F1F0CAA3}.Release|Any CPU.ActiveCfg = Release|Any CPU
		{8C2E03D0-644A-4798-BD89-3FE1F1F0CAA3}.Release|Any CPU.Build.0 = Release|Any CPU
	EndGlobalSection
	GlobalSection(SolutionProperties) = preSolution
		HideSolutionNode = FALSE
	EndGlobalSection
	GlobalSection(ExtensibilityGlobals) = postSolution
		SolutionGuid = {CE32EFC8-DA0C-4DFA-B7AB-FCDFC204CF53}
	EndGlobalSection
	GlobalSection(TeamFoundationVersionControl) = preSolution
		SccNumberOfProjects = 5
		SccEnterpriseProvider = {4CA58AB2-18FA-4F8D-95D4-32DDF27D184C}
		SccTeamFoundationServer = http://192.168.100.6:8080/tfs/icri
		SccProjectUniqueName0 = BassoLegnami\\BassoLegnami.csproj
		SccProjectName0 = BassoLegnami
		SccLocalPath0 = BassoLegnami
		SccProjectUniqueName1 = In.Core\\In.Core.csproj
		SccProjectName1 = In.Core
		SccLocalPath1 = In.Core
		SccProjectUniqueName2 = BassoLegnami.Model\\BassoLegnami.Model.csproj
		SccProjectName2 = BassoLegnami.Model
		SccLocalPath2 = BassoLegnami.Model
		SccLocalPath3 = .
		SccProjectUniqueName4 = BassoLegnami.Reports\\BassoLegnami.Reports.csproj
		SccProjectName4 = BassoLegnami.Reports
		SccLocalPath4 = BassoLegnami.Reports
	EndGlobalSection
EndGlobal
